
Microsoft Visual Studio Solution File, Format Version 12.00
# Visual Studio Version 18
VisualStudioVersion = 18.10.12217.157 stable
MinimumVisualStudioVersion = 10.0.40219.1
Project("{FAE04EC0-301F-11D3-BF4B-00C04F79EFBC}") = "UI", "UI\UI.csproj", "{221085E6-A88C-43BF-A8F7-CE378AE8B340}"
EndProject
Project("{FAE04EC0-301F-11D3-BF4B-00C04F79EFBC}") = "BLL", "BLL\BLL.csproj", "{912040ED-81FB-4791-9802-ED4428EFA689}"
EndProject
Project("{FAE04EC0-301F-11D3-BF4B-00C04F79EFBC}") = "BE", "BE\BE.csproj", "{4BDB14CF-F86D-4297-B3F0-2418E651D57B}"
EndProject
Project("{FAE04EC0-301F-11D3-BF4B-00C04F79EFBC}") = "DAL", "DAL\DAL.csproj", "{9961E5D7-9245-455D-A6FC-8AE29924447A}"
EndProject
Project("{FAE04EC0-301F-11D3-BF4B-00C04F79EFBC}") = "servicios", "servicios\servicios.csproj", "{25FC38DC-E174-4039-AC5B-A2EDB0644DB5}"
EndProject
Global
	GlobalSection(SolutionConfigurationPlatforms) = preSolution
		Debug|Any CPU = Debug|Any CPU
		Release|Any CPU = Release|Any CPU
	EndGlobalSection
	GlobalSection(ProjectConfigurationPlatforms) = postSolution
		{221085E6-A88C-43BF-A8F7-CE378AE8B340}.Debug|Any CPU.ActiveCfg = Debug|Any CPU
		{221085E6-A88C-43BF-A8F7-CE378AE8B340}.Debug|Any CPU.Build.0 = Debug|Any CPU
		{221085E6-A88C-43BF-A8F7-CE378AE8B340}.Release|Any CPU.ActiveCfg = Release|Any CPU
		{221085E6-A88C-43BF-A8F7-CE378AE8B340}.Release|Any CPU.Build.0 = Release|Any CPU
		{912040ED-81FB-4791-9802-ED4428EFA689}.Debug|Any CPU.ActiveCfg = Debug|Any CPU
		{912040ED-81FB-4791-9802-ED4428EFA689}.Debug|Any CPU.Build.0 = Debug|Any CPU
		{912040ED-81FB-4791-9802-ED4428EFA689}.Release|Any CPU.ActiveCfg = Release|Any CPU
		{912040ED-81FB-4791-9802-ED4428EFA689}.Release|Any CPU.Build.0 = Release|Any CPU
		{4BDB14CF-F86D-4297-B3F0-2418E651D57B}.Debug|Any CPU.ActiveCfg = Debug|Any CPU
		{4BDB14CF-F86D-4297-B3F0-2418E651D57B}.Debug|Any CPU.Build.0 = Debug|Any CPU
		{4BDB14CF-F86D-4297-B3F0-2418E651D57B}.Release|Any CPU.ActiveCfg = Release|Any CPU
		{4BDB14CF-F86D-4297-B3F0-2418E651D57B}.Release|Any CPU.Build.0 = Release|Any CPU
		{9961E5D7-9245-455D-A6FC-8AE29924447A}.Debug|Any CPU.ActiveCfg = Debug|Any CPU
		{9961E5D7-9245-455D-A6FC-8AE29924447A}.Debug|Any CPU.Build.0 = Debug|Any CPU
		{9961E5D7-9245-455D-A6FC-8AE29924447A}.Release|Any CPU.ActiveCfg = Release|Any CPU
		{9961E5D7-9245-455D-A6FC-8AE29924447A}.Release|Any CPU.Build.0 = Release|Any CPU
		{25FC38DC-E174-4039-AC5B-A2EDB0644DB5}.Debug|Any CPU.ActiveCfg = Debug|Any CPU
		{25FC38DC-E174-4039-AC5B-A2EDB0644DB5}.Debug|Any CPU.Build.0 = Debug|Any CPU
		{25FC38DC-E174-4039-AC5B-A2EDB0644DB5}.Release|Any CPU.ActiveCfg = Release|Any CPU
		{25FC38DC-E174-4039-AC5B-A2EDB0644DB5}.Release|Any CPU.Build.0 = Release|Any CPU
	EndGlobalSection
	GlobalSection(SolutionProperties) = preSolution
		HideSolutionNode = FALSE
	EndGlobalSection
	GlobalSection(ExtensibilityGlobals) = postSolution
		SolutionGuid = {C6687599-467E-465B-A396-889AC818947A}
	EndGlobalSection
EndGlobal
